
Microsoft Visual Studio Solution File, Format Version 12.00
# Visual Studio Version 17
VisualStudioVersion = 17.1.31903.286
MinimumVisualStudioVersion = 10.0.40219.1
Project("{9A19103F-16F7-4668-BE54-9A1E7A4F7556}") = "siwe-nethereum", "siwe-nethereum\siwe-nethereum.csproj", "{04B95104-59C9-4203-82D8-10E434DF294A}"
EndProject
Project("{9A19103F-16F7-4668-BE54-9A1E7A4F7556}") = "siwe", "Siwe\siwe.csproj", "{8BAE878C-E2C0-4461-8332-FAC6535E641D}"
EndProject
Project("{9A19103F-16F7-4668-BE54-9A1E7A4F7556}") = "Nethereum.Metamask", "Nethereum.Metamask\Nethereum.Metamask.csproj", "{2DE6E22A-C233-471A-A617-49ED57246217}"
EndProject
Project("{9A19103F-16F7-4668-BE54-9A1E7A4F7556}") = "Nethereum.Metamask.Blazor", "Nethereum.Metamask.Blazor\Nethereum.Metamask.Blazor.csproj", "{04DCB266-3867-4EB5-9545-778C9B4A01A8}"
EndProject
Project("{9A19103F-16F7-4668-BE54-9A1E7A4F7556}") = "Nethereum.UI", "Nethereum.UI\Nethereum.UI.csproj", "{3727DB34-9E54-4223-91F5-E8DCC60F42D8}"
EndProject
Project("{9A19103F-16F7-4668-BE54-9A1E7A4F7556}") = "Nethereum.Erc20.Blazor", "Nethereum.Erc20.Blazor\Nethereum.Erc20.Blazor.csproj", "{B978AED0-263E-4C76-9746-36C4D2738DF6}"
EndProject
Project("{FAE04EC0-301F-11D3-BF4B-00C04F79EFBC}") = "siwe-rest-service", "siwe-rest-service\siwe-rest-service.csproj", "{99ED9793-D4FF-456C-8E13-1C54113208CD}"
EndProject
Global
	GlobalSection(SolutionConfigurationPlatforms) = preSolution
		Debug|Any CPU = Debug|Any CPU
		Release|Any CPU = Release|Any CPU
	EndGlobalSection
	GlobalSection(ProjectConfigurationPlatforms) = postSolution
		{04B95104-59C9-4203-82D8-10E434DF294A}.Debug|Any CPU.ActiveCfg = Debug|Any CPU
		{04B95104-59C9-4203-82D8-10E434DF294A}.Debug|Any CPU.Build.0 = Debug|Any CPU
		{04B95104-59C9-4203-82D8-10E434DF294A}.Release|Any CPU.ActiveCfg = Release|Any CPU
		{04B95104-59C9-4203-82D8-10E434DF294A}.Release|Any CPU.Build.0 = Release|Any CPU
		{8BAE878C-E2C0-4461-8332-FAC6535E641D}.Debug|Any CPU.ActiveCfg = Debug|Any CPU
		{8BAE878C-E2C0-4461-8332-FAC6535E641D}.Debug|Any CPU.Build.0 = Debug|Any CPU
		{8BAE878C-E2C0-4461-8332-FAC6535E641D}.Release|Any CPU.ActiveCfg = Release|Any CPU
		{8BAE878C-E2C0-4461-8332-FAC6535E641D}.Release|Any CPU.Build.0 = Release|Any CPU
		{2DE6E22A-C233-471A-A617-49ED57246217}.Debug|Any CPU.ActiveCfg = Debug|Any CPU
		{2DE6E22A-C233-471A-A617-49ED57246217}.Debug|Any CPU.Build.0 = Debug|Any CPU
		{2DE6E22A-C233-471A-A617-49ED57246217}.Release|Any CPU.ActiveCfg = Release|Any CPU
		{2DE6E22A-C233-471A-A617-49ED57246217}.Release|Any CPU.Build.0 = Release|Any CPU
		{04DCB266-3867-4EB5-9545-778C9B4A01A8}.Debug|Any CPU.ActiveCfg = Debug|Any CPU
		{04DCB266-3867-4EB5-9545-778C9B4A01A8}.Debug|Any CPU.Build.0 = Debug|Any CPU
		{04DCB266-3867-4EB5-9545-778C9B4A01A8}.Release|Any CPU.ActiveCfg = Release|Any CPU
		{04DCB266-3867-4EB5-9545-778C9B4A01A8}.Release|Any CPU.Build.0 = Release|Any CPU
		{3727DB34-9E54-4223-91F5-E8DCC60F42D8}.Debug|Any CPU.ActiveCfg = Debug|Any CPU
		{3727DB34-9E54-4223-91F5-E8DCC60F42D8}.Debug|Any CPU.Build.0 = Debug|Any CPU
		{3727DB34-9E54-4223-91F5-E8DCC60F42D8}.Release|Any CPU.ActiveCfg = Release|Any CPU
		{3727DB34-9E54-4223-91F5-E8DCC60F42D8}.Release|Any CPU.Build.0 = Release|Any CPU
		{B978AED0-263E-4C76-9746-36C4D2738DF6}.Debug|Any CPU.ActiveCfg = Debug|Any CPU
		{B978AED0-263E-4C76-9746-36C4D2738DF6}.Debug|Any CPU.Build.0 = Debug|Any CPU
		{B978AED0-263E-4C76-9746-36C4D2738DF6}.Release|Any CPU.ActiveCfg = Release|Any CPU
		{B978AED0-263E-4C76-9746-36C4D2738DF6}.Release|Any CPU.Build.0 = Release|Any CPU
		{99ED9793-D4FF-456C-8E13-1C54113208CD}.Debug|Any CPU.ActiveCfg = Debug|Any CPU
		{99ED9793-D4FF-456C-8E13-1C54113208CD}.Debug|Any CPU.Build.0 = Debug|Any CPU
		{99ED9793-D4FF-456C-8E13-1C54113208CD}.Release|Any CPU.ActiveCfg = Release|Any CPU
		{99ED9793-D4FF-456C-8E13-1C54113208CD}.Release|Any CPU.Build.0 = Release|Any CPU
	EndGlobalSection
	GlobalSection(SolutionProperties) = preSolution
		HideSolutionNode = FALSE
	EndGlobalSection
	GlobalSection(ExtensibilityGlobals) = postSolution
		SolutionGuid = {CAE78CD3-8508-4C7A-831B-6B58F8C8E47E}
	EndGlobalSection
EndGlobal
